
Microsoft Visual Studio Solution File, Format Version 12.00
# Visual Studio 15
VisualStudioVersion = 15.0.26430.14
MinimumVisualStudioVersion = 10.0.40219.1
Project("{8BC9CEB8-8B4A-11D0-8D11-00A0C91BC942}") = "pu", "puppy.vcxproj", "{E3E77AEA-990A-45D8-880E-3E1A8D01B565}"
EndProject
Project("{8BC9CEB8-8B4A-11D0-8D11-00A0C91BC942}") = "vm", "test\puppytest.vcxproj", "{4D9EDFC1-94C2-4010-8B26-BC3A54ED08D5}"
EndProject
Global
	GlobalSection(SolutionConfigurationPlatforms) = preSolution
		Debug|Win32 = Debug|Win32
		Release|Win32 = Release|Win32
	EndGlobalSection
	GlobalSection(ProjectConfigurationPlatforms) = postSolution
		{E3E77AEA-990A-45D8-880E-3E1A8D01B565}.Debug|Win32.ActiveCfg = Debug|Win32
		{E3E77AEA-990A-45D8-880E-3E1A8D01B565}.Debug|Win32.Build.0 = Debug|Win32
		{E3E77AEA-990A-45D8-880E-3E1A8D01B565}.Release|Win32.ActiveCfg = Release|Win32
		{E3E77AEA-990A-45D8-880E-3E1A8D01B565}.Release|Win32.Build.0 = Release|Win32
		{4D9EDFC1-94C2-4010-8B26-BC3A54ED08D5}.Debug|Win32.ActiveCfg = Debug|Win32
		{4D9EDFC1-94C2-4010-8B26-BC3A54ED08D5}.Debug|Win32.Build.0 = Debug|Win32
		{4D9EDFC1-94C2-4010-8B26-BC3A54ED08D5}.Release|Win32.ActiveCfg = Release|Win32
		{4D9EDFC1-94C2-4010-8B26-BC3A54ED08D5}.Release|Win32.Build.0 = Release|Win32
	EndGlobalSection
	GlobalSection(SolutionProperties) = preSolution
		HideSolutionNode = FALSE
	EndGlobalSection
EndGlobal
