<?xml version="1.0" encoding="utf-8"?>
<Project ToolsVersion="4.0" xmlns="http://schemas.microsoft.com/developer/msbuild/2003">
  <ItemGroup>
    <Filter Include="Source Files">
      <UniqueIdentifier>{4FC737F1-C7A5-4376-A066-2A32D752A2FF}</UniqueIdentifier>
      <Extensions>cpp;c;cc;cxx;def;odl;idl;hpj;bat;asm;asmx</Extensions>
    </Filter>
    <Filter Include="Header Files">
      <UniqueIdentifier>{93995380-89BD-4b04-88EB-625FBE52EBFB}</UniqueIdentifier>
      <Extensions>h;hpp;hxx;hm;inl;inc;xsd</Extensions>
    </Filter>
    <Filter Include="Resource Files">
      <UniqueIdentifier>{67DA6AB6-F800-4c08-8B7A-83BB121AAD01}</UniqueIdentifier>
      <Extensions>rc;ico;cur;bmp;dlg;rc2;rct;bin;rgs;gif;jpg;jpeg;jpe;resx;tiff;tif;png;wav</Extensions>
    </Filter>
    <Filter Include="utl">
      <UniqueIdentifier>{a8e60bc0-9d70-48b1-9c98-29979d2599ea}</UniqueIdentifier>
    </Filter>
  </ItemGroup>
  <ItemGroup>
    <ClCompile Include="src\api.cpp">
      <Filter>Source Files</Filter>
    </ClCompile>
    <ClCompile Include="src\builtin.cpp">
      <Filter>Source Files</Filter>
    </ClCompile>
    <ClCompile Include="src\bytecode.cpp">
      <Filter>Source Files</Filter>
    </ClCompile>
    <ClCompile Include="src\coroutine.cpp">
      <Filter>Source Files</Filter>
    </ClCompile>
    <ClCompile Include="src\error.cpp">
      <Filter>Source Files</Filter>
    </ClCompile>
    <ClCompile Include="src\gc.cpp">
      <Filter>Source Files</Filter>
    </ClCompile>
    <ClCompile Include="src\global.cpp">
      <Filter>Source Files</Filter>
    </ClCompile>
    <ClCompile Include="src\pu.cpp">
      <Filter>Source Files</Filter>
    </ClCompile>
    <ClCompile Include="src\state.cpp">
      <Filter>Source Files</Filter>
    </ClCompile>
    <ClCompile Include="src\token.cpp">
      <Filter>Source Files</Filter>
    </ClCompile>
    <ClCompile Include="src\value.cpp">
      <Filter>Source Files</Filter>
    </ClCompile>
    <ClCompile Include="src\PuMath.cpp">
      <Filter>utl</Filter>
    </ClCompile>
    <ClCompile Include="src\PuString.cpp">
      <Filter>utl</Filter>
    </ClCompile>
  </ItemGroup>
  <ItemGroup>
    <ClInclude Include="src\config.h">
      <Filter>Header Files</Filter>
    </ClInclude>
    <ClInclude Include="src\def.h">
      <Filter>Header Files</Filter>
    </ClInclude>
    <ClInclude Include="src\error.h">
      <Filter>Header Files</Filter>
    </ClInclude>
    <ClInclude Include="src\global.h">
      <Filter>Header Files</Filter>
    </ClInclude>
    <ClInclude Include="src\state.h">
      <Filter>Header Files</Filter>
    </ClInclude>
    <ClInclude Include="src\token.h">
      <Filter>Header Files</Filter>
    </ClInclude>
    <ClInclude Include="src\value.h">
      <Filter>Header Files</Filter>
    </ClInclude>
    <ClInclude Include="src\PuMap.h">
      <Filter>utl</Filter>
    </ClInclude>
    <ClInclude Include="src\PuMath.h">
      <Filter>utl</Filter>
    </ClInclude>
    <ClInclude Include="src\PuStack.h">
      <Filter>utl</Filter>
    </ClInclude>
    <ClInclude Include="src\PuString.h">
      <Filter>utl</Filter>
    </ClInclude>
    <ClInclude Include="src\PuVector.h">
      <Filter>utl</Filter>
    </ClInclude>
    <ClInclude Include="puppy.h">
      <Filter>Header Files</Filter>
    </ClInclude>
  </ItemGroup>
</Project>